# This file was autogenerated by uv via the following command:
#    uv pip compile pyproject.toml -o requirements.lock
alembic==1.15.2
    # via my-fastapi-project (pyproject.toml)
annotated-types==0.7.0
    # via pydantic
anyio==4.9.0
    # via starlette
asyncio==3.4.3
    # via my-fastapi-project (pyproject.toml)
asyncpg==0.30.0
    # via my-fastapi-project (pyproject.toml)
authx==1.4.2
    # via my-fastapi-project (pyproject.toml)
black==25.1.0
    # via my-fastapi-project (pyproject.toml)
boto3==1.38.17
    # via my-fastapi-project (pyproject.toml)
botocore==1.38.17
    # via
    #   boto3
    #   s3transfer
cached-property==2.0.1
    # via sqlalchemy-orm
certifi==2025.4.26
    # via requests
cffi==1.17.1
    # via cryptography
charset-normalizer==3.4.2
    # via requests
click==8.2.0
    # via
    #   black
    #   uvicorn
cryptography==44.0.3
    # via pyjwt
dnspython==2.7.0
    # via email-validator
dotenv==0.9.9
    # via my-fastapi-project (pyproject.toml)
ecdsa==0.19.1
    # via python-jose
email-validator==2.2.0
    # via
    #   my-fastapi-project (pyproject.toml)
    #   pydantic
fastapi==0.115.12
    # via
    #   my-fastapi-project (pyproject.toml)
    #   authx
geoalchemy2==0.17.1
    # via my-fastapi-project (pyproject.toml)
greenlet==3.2.2
    # via
    #   my-fastapi-project (pyproject.toml)
    #   sqlalchemy
h11==0.16.0
    # via uvicorn
idna==3.10
    # via
    #   anyio
    #   email-validator
    #   requests
inflection==0.5.1
    # via sqlalchemy-orm
itsdangerous==2.2.0
    # via authx
jmespath==1.0.1
    # via
    #   boto3
    #   botocore
mako==1.3.10
    # via alembic
markupsafe==3.0.2
    # via mako
mypy-extensions==1.1.0
    # via
    #   black
    #   typing-inspect
packaging==25.0
    # via
    #   black
    #   geoalchemy2
pathspec==0.12.1
    # via black
platformdirs==4.3.8
    # via black
pyasn1==0.4.8
    # via
    #   python-jose
    #   rsa
pycparser==2.22
    # via cffi
pydantic==2.11.4
    # via
    #   my-fastapi-project (pyproject.toml)
    #   authx
    #   fastapi
    #   pydantic-settings
pydantic-core==2.33.2
    # via pydantic
pydantic-settings==2.9.1
    # via
    #   my-fastapi-project (pyproject.toml)
    #   authx
pyjwt==2.10.1
    # via
    #   my-fastapi-project (pyproject.toml)
    #   authx
python-dateutil==2.9.0.post0
    # via
    #   authx
    #   botocore
python-dotenv==1.1.0
    # via
    #   dotenv
    #   pydantic-settings
python-jose==3.4.0
    # via authx
python-multipart==0.0.20
    # via my-fastapi-project (pyproject.toml)
pytz==2025.2
    # via authx
requests==2.32.3
    # via my-fastapi-project (pyproject.toml)
rsa==4.9.1
    # via python-jose
s3transfer==0.12.0
    # via boto3
six==1.17.0
    # via
    #   ecdsa
    #   python-dateutil
sniffio==1.3.1
    # via anyio
sqlalchemy==2.0.41
    # via
    #   my-fastapi-project (pyproject.toml)
    #   alembic
    #   geoalchemy2
    #   sqlalchemy-orm
sqlalchemy-orm==1.2.10
    # via my-fastapi-project (pyproject.toml)
starlette==0.46.2
    # via fastapi
typing-extensions==4.13.2
    # via
    #   alembic
    #   anyio
    #   fastapi
    #   pydantic
    #   pydantic-core
    #   sqlalchemy
    #   typing-inspect
    #   typing-inspection
typing-inspect==0.9.0
    # via sqlalchemy-orm
typing-inspection==0.4.0
    # via
    #   pydantic
    #   pydantic-settings
urllib3==2.4.0
    # via
    #   botocore
    #   requests
uvicorn==0.34.2
    # via my-fastapi-project (pyproject.toml)
